{
  "name": "6-typescript",
  "lockfileVersion": 2,
  "requires": true,
  "packages": {
    "": {
      "dependencies": {
        "@types/jquery": "^3.5.5"
      }
    },
    "node_modules/@types/jquery": {
      "version": "3.5.5",
      "resolved": "https://registry.nlark.com/@types/jquery/download/@types/jquery-3.5.5.tgz",
      "integrity": "sha1-LGP0fJyNlmk9Jy9UU2Aq/YM4yQM=",
      "dependencies": {
        "@types/sizzle": "*"
      }
    },
    "node_modules/@types/sizzle": {
      "version": "2.3.3",
      "resolved": "https://registry.nlark.com/@types/sizzle/download/@types/sizzle-2.3.3.tgz",
      "integrity": "sha1-/14vGQKWnTBSJaBHyKD9XJFc6+8="
    }
  },
  "dependencies": {
    "@types/jquery": {
      "version": "3.5.5",
      "resolved": "https://registry.nlark.com/@types/jquery/download/@types/jquery-3.5.5.tgz",
      "integrity": "sha1-LGP0fJyNlmk9Jy9UU2Aq/YM4yQM=",
      "requires": {
        "@types/sizzle": "*"
      }
    },
    "@types/sizzle": {
      "version": "2.3.3",
      "resolved": "https://registry.nlark.com/@types/sizzle/download/@types/sizzle-2.3.3.tgz",
      "integrity": "sha1-/14vGQKWnTBSJaBHyKD9XJFc6+8="
    }
  }
}
