lockfileVersion: '6.0'

settings:
  autoInstallPeers: true
  excludeLinksFromLockfile: false

dependencies:
  monaco-editor:
    specifier: 0.47.0
    version: 0.47.0

packages:

  /monaco-editor@0.47.0:
    resolution: {integrity: sha512-VabVvHvQ9QmMwXu4du008ZDuyLnHs9j7ThVFsiJoXSOQk18+LF89N4ADzPbFenm0W4V2bGHnFBztIRQTgBfxzw==}
    dev: false
